# This file is automatically @generated by Poetry 1.4.2 and should not be changed by hand.

[[package]]
name = "asyncio"
version = "3.4.3"
description = "reference implementation of PEP 3156"
category = "main"
optional = false
python-versions = "*"
files = [
    {file = "asyncio-3.4.3-cp33-none-win32.whl", hash = "sha256:b62c9157d36187eca799c378e572c969f0da87cd5fc42ca372d92cdb06e7e1de"},
    {file = "asyncio-3.4.3-cp33-none-win_amd64.whl", hash = "sha256:c46a87b48213d7464f22d9a497b9eef8c1928b68320a2fa94240f969f6fec08c"},
    {file = "asyncio-3.4.3-py3-none-any.whl", hash = "sha256:c4d18b22701821de07bd6aea8b53d21449ec0ec5680645e5317062ea21817d2d"},
    {file = "asyncio-3.4.3.tar.gz", hash = "sha256:83360ff8bc97980e4ff25c964c7bd3923d333d177aa4f7fb736b019f26c7cb41"},
]

[[package]]
name = "attrs"
version = "23.1.0"
description = "Classes Without Boilerplate"
category = "main"
optional = false
python-versions = ">=3.7"
files = [
    {file = "attrs-23.1.0-py3-none-any.whl", hash = "sha256:1f28b4522cdc2fb4256ac1a020c78acf9cba2c6b461ccd2c126f3aa8e8335d04"},
    {file = "attrs-23.1.0.tar.gz", hash = "sha256:6279836d581513a26f1bf235f9acd333bc9115683f14f7e8fae46c98fc50e015"},
]

[package.extras]
cov = ["attrs[tests]", "coverage[toml] (>=5.3)"]
dev = ["attrs[docs,tests]", "pre-commit"]
docs = ["furo", "myst-parser", "sphinx", "sphinx-notfound-page", "sphinxcontrib-towncrier", "towncrier", "zope-interface"]
tests = ["attrs[tests-no-zope]", "zope-interface"]
tests-no-zope = ["cloudpickle", "hypothesis", "mypy (>=1.1.1)", "pympler", "pytest (>=4.3.0)", "pytest-mypy-plugins", "pytest-xdist[psutil]"]

[[package]]
name = "automat"
version = "22.10.0"
description = "Self-service finite-state machines for the programmer on the go."
category = "main"
optional = false
python-versions = "*"
files = [
    {file = "Automat-22.10.0-py2.py3-none-any.whl", hash = "sha256:c3164f8742b9dc440f3682482d32aaff7bb53f71740dd018533f9de286b64180"},
    {file = "Automat-22.10.0.tar.gz", hash = "sha256:e56beb84edad19dcc11d30e8d9b895f75deeb5ef5e96b84a467066b3b84bb04e"},
]

[package.dependencies]
attrs = ">=19.2.0"
six = "*"

[package.extras]
visualize = ["Twisted (>=16.1.1)", "graphviz (>0.5.1)"]

[[package]]
name = "constantly"
version = "15.1.0"
description = "Symbolic constants in Python"
category = "main"
optional = false
python-versions = "*"
files = [
    {file = "constantly-15.1.0-py2.py3-none-any.whl", hash = "sha256:dd2fa9d6b1a51a83f0d7dd76293d734046aa176e384bf6e33b7e44880eb37c5d"},
    {file = "constantly-15.1.0.tar.gz", hash = "sha256:586372eb92059873e29eba4f9dec8381541b4d3834660707faf8ba59146dfc35"},
]

[[package]]
name = "hyperlink"
version = "21.0.0"
description = "A featureful, immutable, and correct URL for Python."
category = "main"
optional = false
python-versions = ">=2.6, !=3.0.*, !=3.1.*, !=3.2.*, !=3.3.*"
files = [
    {file = "hyperlink-21.0.0-py2.py3-none-any.whl", hash = "sha256:e6b14c37ecb73e89c77d78cdb4c2cc8f3fb59a885c5b3f819ff4ed80f25af1b4"},
    {file = "hyperlink-21.0.0.tar.gz", hash = "sha256:427af957daa58bc909471c6c40f74c5450fa123dd093fc53efd2e91d2705a56b"},
]

[package.dependencies]
idna = ">=2.5"

[[package]]
name = "idna"
version = "3.4"
description = "Internationalized Domain Names in Applications (IDNA)"
category = "main"
optional = false
python-versions = ">=3.5"
files = [
    {file = "idna-3.4-py3-none-any.whl", hash = "sha256:90b77e79eaa3eba6de819a0c442c0b4ceefc341a7a2ab77d7562bf49f425c5c2"},
    {file = "idna-3.4.tar.gz", hash = "sha256:814f528e8dead7d329833b91c5faa87d60bf71824cd12a7530b5526063d02cb4"},
]

[[package]]
name = "incremental"
version = "22.10.0"
description = "\"A small library that versions your Python projects.\""
category = "main"
optional = false
python-versions = "*"
files = [
    {file = "incremental-22.10.0-py2.py3-none-any.whl", hash = "sha256:b864a1f30885ee72c5ac2835a761b8fe8aa9c28b9395cacf27286602688d3e51"},
    {file = "incremental-22.10.0.tar.gz", hash = "sha256:912feeb5e0f7e0188e6f42241d2f450002e11bbc0937c65865045854c24c0bd0"},
]

[package.extras]
mypy = ["click (>=6.0)", "mypy (==0.812)", "twisted (>=16.4.0)"]
scripts = ["click (>=6.0)", "twisted (>=16.4.0)"]

[[package]]
name = "kademlia"
version = "2.2.2"
description = "Kademlia is a distributed hash table for decentralized peer-to-peer computer networks."
category = "main"
optional = false
python-versions = "*"
files = [
    {file = "kademlia-2.2.2-py3-none-any.whl", hash = "sha256:47696d2e75d60d71eda47fe2e21a96312b0a05f850f9a6910073b5cd79494d0e"},
    {file = "kademlia-2.2.2.tar.gz", hash = "sha256:22928c2e92544c7223ed5905c42bfea291336851beec7de436af4ca41ac0d8eb"},
]

[package.dependencies]
rpcudp = ">=4.0.1"

[[package]]
name = "rpcudp"
version = "4.0.2"
description = "Asynchronous RPC via UDP"
category = "main"
optional = false
python-versions = "*"
files = [
    {file = "rpcudp-4.0.2-py3-none-any.whl", hash = "sha256:ab7fe6741b4112e17ec19b45641a659fc0db05f1ec3f99ac2bb13df3f4be8ed9"},
    {file = "rpcudp-4.0.2.tar.gz", hash = "sha256:9a201cc1f9fd45bbab359d18135f9abdfb91760c15f6c08affca5730f5ebc37e"},
]

[package.dependencies]
u-msgpack-python = ">=2.6"

[[package]]
name = "setuptools"
version = "67.6.1"
description = "Easily download, build, install, upgrade, and uninstall Python packages"
category = "main"
optional = false
python-versions = ">=3.7"
files = [
    {file = "setuptools-67.6.1-py3-none-any.whl", hash = "sha256:e728ca814a823bf7bf60162daf9db95b93d532948c4c0bea762ce62f60189078"},
    {file = "setuptools-67.6.1.tar.gz", hash = "sha256:257de92a9d50a60b8e22abfcbb771571fde0dbf3ec234463212027a4eeecbe9a"},
]

[package.extras]
docs = ["furo", "jaraco.packaging (>=9)", "jaraco.tidelift (>=1.4)", "pygments-github-lexers (==0.0.5)", "rst.linker (>=1.9)", "sphinx (>=3.5)", "sphinx-favicon", "sphinx-hoverxref (<2)", "sphinx-inline-tabs", "sphinx-lint", "sphinx-notfound-page (==0.8.3)", "sphinx-reredirects", "sphinxcontrib-towncrier"]
testing = ["build[virtualenv]", "filelock (>=3.4.0)", "flake8 (<5)", "flake8-2020", "ini2toml[lite] (>=0.9)", "jaraco.envs (>=2.2)", "jaraco.path (>=3.2.0)", "pip (>=19.1)", "pip-run (>=8.8)", "pytest (>=6)", "pytest-black (>=0.3.7)", "pytest-checkdocs (>=2.4)", "pytest-cov", "pytest-enabler (>=1.3)", "pytest-flake8", "pytest-mypy (>=0.9.1)", "pytest-perf", "pytest-timeout", "pytest-xdist", "tomli-w (>=1.0.0)", "virtualenv (>=13.0.0)", "wheel"]
testing-integration = ["build[virtualenv]", "filelock (>=3.4.0)", "jaraco.envs (>=2.2)", "jaraco.path (>=3.2.0)", "pytest", "pytest-enabler", "pytest-xdist", "tomli", "virtualenv (>=13.0.0)", "wheel"]

[[package]]
name = "six"
version = "1.16.0"
description = "Python 2 and 3 compatibility utilities"
category = "main"
optional = false
python-versions = ">=2.7, !=3.0.*, !=3.1.*, !=3.2.*"
files = [
    {file = "six-1.16.0-py2.py3-none-any.whl", hash = "sha256:8abb2f1d86890a2dfb989f9a77cfcfd3e47c2a354b01111771326f8aa26e0254"},
    {file = "six-1.16.0.tar.gz", hash = "sha256:1e61c37477a1626458e36f7b1d82aa5c9b094fa4802892072e49de9c60c4c926"},
]

[[package]]
name = "tenacity"
version = "8.2.2"
description = "Retry code until it succeeds"
category = "main"
optional = false
python-versions = ">=3.6"
files = [
    {file = "tenacity-8.2.2-py3-none-any.whl", hash = "sha256:2f277afb21b851637e8f52e6a613ff08734c347dc19ade928e519d7d2d8569b0"},
    {file = "tenacity-8.2.2.tar.gz", hash = "sha256:43af037822bd0029025877f3b2d97cc4d7bb0c2991000a3d59d71517c5c969e0"},
]

[package.extras]
doc = ["reno", "sphinx", "tornado (>=4.5)"]

[[package]]
name = "twisted"
version = "22.10.0"
description = "An asynchronous networking framework written in Python"
category = "main"
optional = false
python-versions = ">=3.7.1"
files = [
    {file = "Twisted-22.10.0-py3-none-any.whl", hash = "sha256:86c55f712cc5ab6f6d64e02503352464f0400f66d4f079096d744080afcccbd0"},
    {file = "Twisted-22.10.0.tar.gz", hash = "sha256:32acbd40a94f5f46e7b42c109bfae2b302250945561783a8b7a059048f2d4d31"},
]

[package.dependencies]
attrs = ">=19.2.0"
Automat = ">=0.8.0"
constantly = ">=15.1"
hyperlink = ">=17.1.1"
incremental = ">=21.3.0"
twisted-iocpsupport = {version = ">=1.0.2,<2", markers = "platform_system == \"Windows\""}
typing-extensions = ">=3.6.5"
"zope.interface" = ">=4.4.2"

[package.extras]
all-non-platform = ["PyHamcrest (>=1.9.0)", "appdirs (>=1.4.0)", "bcrypt (>=3.0.0)", "contextvars (>=2.4,<3)", "cryptography (>=2.6)", "cython-test-exception-raiser (>=1.0.2,<2)", "h2 (>=3.0,<5.0)", "hypothesis (>=6.0,<7.0)", "idna (>=2.4)", "priority (>=1.1.0,<2.0)", "pyasn1", "pyopenssl (>=21.0.0)", "pyserial (>=3.0)", "pywin32 (!=226)", "service-identity (>=18.1.0)"]
conch = ["appdirs (>=1.4.0)", "bcrypt (>=3.0.0)", "cryptography (>=2.6)", "pyasn1"]
conch-nacl = ["PyNaCl", "appdirs (>=1.4.0)", "bcrypt (>=3.0.0)", "cryptography (>=2.6)", "pyasn1"]
contextvars = ["contextvars (>=2.4,<3)"]
dev = ["coverage (>=6b1,<7)", "pydoctor (>=22.9.0,<22.10.0)", "pyflakes (>=2.2,<3.0)", "python-subunit (>=1.4,<2.0)", "readthedocs-sphinx-ext (>=2.1,<3.0)", "sphinx (>=5.0,<6)", "sphinx-rtd-theme (>=1.0,<2.0)", "towncrier (>=22.8,<23.0)", "twistedchecker (>=0.7,<1.0)"]
dev-release = ["pydoctor (>=22.9.0,<22.10.0)", "readthedocs-sphinx-ext (>=2.1,<3.0)", "sphinx (>=5.0,<6)", "sphinx-rtd-theme (>=1.0,<2.0)", "towncrier (>=22.8,<23.0)"]
gtk-platform = ["PyHamcrest (>=1.9.0)", "appdirs (>=1.4.0)", "bcrypt (>=3.0.0)", "contextvars (>=2.4,<3)", "cryptography (>=2.6)", "cython-test-exception-raiser (>=1.0.2,<2)", "h2 (>=3.0,<5.0)", "hypothesis (>=6.0,<7.0)", "idna (>=2.4)", "priority (>=1.1.0,<2.0)", "pyasn1", "pygobject", "pyopenssl (>=21.0.0)", "pyserial (>=3.0)", "pywin32 (!=226)", "service-identity (>=18.1.0)"]
http2 = ["h2 (>=3.0,<5.0)", "priority (>=1.1.0,<2.0)"]
macos-platform = ["PyHamcrest (>=1.9.0)", "appdirs (>=1.4.0)", "bcrypt (>=3.0.0)", "contextvars (>=2.4,<3)", "cryptography (>=2.6)", "cython-test-exception-raiser (>=1.0.2,<2)", "h2 (>=3.0,<5.0)", "hypothesis (>=6.0,<7.0)", "idna (>=2.4)", "priority (>=1.1.0,<2.0)", "pyasn1", "pyobjc-core", "pyobjc-framework-CFNetwork", "pyobjc-framework-Cocoa", "pyopenssl (>=21.0.0)", "pyserial (>=3.0)", "pywin32 (!=226)", "service-identity (>=18.1.0)"]
mypy = ["PyHamcrest (>=1.9.0)", "PyNaCl", "appdirs (>=1.4.0)", "bcrypt (>=3.0.0)", "contextvars (>=2.4,<3)", "coverage (>=6b1,<7)", "cryptography (>=2.6)", "cython-test-exception-raiser (>=1.0.2,<2)", "h2 (>=3.0,<5.0)", "hypothesis (>=6.0,<7.0)", "idna (>=2.4)", "mypy (==0.930)", "mypy-zope (==0.3.4)", "priority (>=1.1.0,<2.0)", "pyasn1", "pydoctor (>=22.9.0,<22.10.0)", "pyflakes (>=2.2,<3.0)", "pyopenssl (>=21.0.0)", "pyserial (>=3.0)", "python-subunit (>=1.4,<2.0)", "pywin32 (!=226)", "readthedocs-sphinx-ext (>=2.1,<3.0)", "service-identity (>=18.1.0)", "sphinx (>=5.0,<6)", "sphinx-rtd-theme (>=1.0,<2.0)", "towncrier (>=22.8,<23.0)", "twistedchecker (>=0.7,<1.0)", "types-pyOpenSSL", "types-setuptools"]
osx-platform = ["PyHamcrest (>=1.9.0)", "appdirs (>=1.4.0)", "bcrypt (>=3.0.0)", "contextvars (>=2.4,<3)", "cryptography (>=2.6)", "cython-test-exception-raiser (>=1.0.2,<2)", "h2 (>=3.0,<5.0)", "hypothesis (>=6.0,<7.0)", "idna (>=2.4)", "priority (>=1.1.0,<2.0)", "pyasn1", "pyobjc-core", "pyobjc-framework-CFNetwork", "pyobjc-framework-Cocoa", "pyopenssl (>=21.0.0)", "pyserial (>=3.0)", "pywin32 (!=226)", "service-identity (>=18.1.0)"]
serial = ["pyserial (>=3.0)", "pywin32 (!=226)"]
test = ["PyHamcrest (>=1.9.0)", "cython-test-exception-raiser (>=1.0.2,<2)", "hypothesis (>=6.0,<7.0)"]
tls = ["idna (>=2.4)", "pyopenssl (>=21.0.0)", "service-identity (>=18.1.0)"]
windows-platform = ["PyHamcrest (>=1.9.0)", "appdirs (>=1.4.0)", "bcrypt (>=3.0.0)", "contextvars (>=2.4,<3)", "cryptography (>=2.6)", "cython-test-exception-raiser (>=1.0.2,<2)", "h2 (>=3.0,<5.0)", "hypothesis (>=6.0,<7.0)", "idna (>=2.4)", "priority (>=1.1.0,<2.0)", "pyasn1", "pyopenssl (>=21.0.0)", "pyserial (>=3.0)", "pywin32 (!=226)", "pywin32 (!=226)", "service-identity (>=18.1.0)"]

[[package]]
name = "twisted-iocpsupport"
version = "1.0.3"
description = "An extension for use in the twisted I/O Completion Ports reactor."
category = "main"
optional = false
python-versions = "*"
files = [
    {file = "twisted-iocpsupport-1.0.3.tar.gz", hash = "sha256:afb00801fdfbaccf0d0173a722626500023d4a19719ac9f129d1347a32e2fc66"},
    {file = "twisted_iocpsupport-1.0.3-cp310-cp310-win32.whl", hash = "sha256:a379ef56a576c8090889f74441bc3822ca31ac82253cc61e8d50631bcb0c26d0"},
    {file = "twisted_iocpsupport-1.0.3-cp310-cp310-win_amd64.whl", hash = "sha256:1ea2c3fbdb739c95cc8b3355305cd593d2c9ec56d709207aa1a05d4d98671e85"},
    {file = "twisted_iocpsupport-1.0.3-cp311-cp311-win32.whl", hash = "sha256:7efcdfafb377f32db90f42bd5fc5bb32cd1e3637ee936cdaf3aff4f4786ab3bf"},
    {file = "twisted_iocpsupport-1.0.3-cp311-cp311-win_amd64.whl", hash = "sha256:1dbfac706972bf9ec5ce1ddbc735d2ebba406ad363345df8751ffd5252aa1618"},
    {file = "twisted_iocpsupport-1.0.3-cp36-cp36m-win32.whl", hash = "sha256:1ddfc5fa22ec6f913464b736b3f46e642237f17ac41be47eed6fa9bd52f5d0e0"},
    {file = "twisted_iocpsupport-1.0.3-cp36-cp36m-win_amd64.whl", hash = "sha256:1bdccbb22199fc69fd7744d6d2dfd22d073c028c8611d994b41d2d2ad0e0f40d"},
    {file = "twisted_iocpsupport-1.0.3-cp37-cp37m-win32.whl", hash = "sha256:db11c80054b52dbdea44d63d5474a44c9a6531882f0e2960268b15123088641a"},
    {file = "twisted_iocpsupport-1.0.3-cp37-cp37m-win_amd64.whl", hash = "sha256:67bec1716eb8f466ef366bbf262e1467ecc9e20940111207663ac24049785bad"},
    {file = "twisted_iocpsupport-1.0.3-cp38-cp38-win32.whl", hash = "sha256:98a6f16ab215f8c1446e9fc60aaed0ab7c746d566aa2f3492a23cea334e6bebb"},
    {file = "twisted_iocpsupport-1.0.3-cp38-cp38-win_amd64.whl", hash = "sha256:4f249d0baac836bb431d6fa0178be063a310136bc489465a831e3abd2d7acafd"},
    {file = "twisted_iocpsupport-1.0.3-cp39-cp39-win32.whl", hash = "sha256:aaca8f30c3b7c80d27a33fe9fe0d0bac42b1b012ddc60f677175c30e1becc1f3"},
    {file = "twisted_iocpsupport-1.0.3-cp39-cp39-win_amd64.whl", hash = "sha256:dff43136c33665c2d117a73706aef6f7d6433e5c4560332a118fe066b16b8695"},
    {file = "twisted_iocpsupport-1.0.3-pp37-pypy37_pp73-win_amd64.whl", hash = "sha256:8faceae553cfadc42ad791b1790e7cdecb7751102608c405217f6a26e877e0c5"},
    {file = "twisted_iocpsupport-1.0.3-pp38-pypy38_pp73-win_amd64.whl", hash = "sha256:6f8c433faaad5d53d30d1da6968d5a3730df415e2efb6864847267a9b51290cd"},
    {file = "twisted_iocpsupport-1.0.3-pp39-pypy39_pp73-win_amd64.whl", hash = "sha256:3f39c41c0213a81a9ce0961e30d0d7650f371ad80f8d261007d15a2deb6d5be3"},
]

[[package]]
name = "typing-extensions"
version = "4.5.0"
description = "Backported and Experimental Type Hints for Python 3.7+"
category = "main"
optional = false
python-versions = ">=3.7"
files = [
    {file = "typing_extensions-4.5.0-py3-none-any.whl", hash = "sha256:fb33085c39dd998ac16d1431ebc293a8b3eedd00fd4a32de0ff79002c19511b4"},
    {file = "typing_extensions-4.5.0.tar.gz", hash = "sha256:5cb5f4a79139d699607b3ef622a1dedafa84e115ab0024e0d9c044a9479ca7cb"},
]

[[package]]
name = "u-msgpack-python"
version = "2.7.2"
description = "A portable, lightweight MessagePack serializer and deserializer written in pure Python."
category = "main"
optional = false
python-versions = "*"
files = [
    {file = "u-msgpack-python-2.7.2.tar.gz", hash = "sha256:e86f7ac6aa0ef4c6c49f004b4fd435bce99c23e2dd5d73003f3f9816024c2bd8"},
    {file = "u_msgpack_python-2.7.2-py2.py3-none-any.whl", hash = "sha256:00c77bbb65f8f68c8bd2570e0a14dee84aba429629ea78adc713f94da52ee386"},
]

[[package]]
name = "uuid"
version = "1.30"
description = "UUID object and generation functions (Python 2.3 or higher)"
category = "main"
optional = false
python-versions = "*"
files = [
    {file = "uuid-1.30.tar.gz", hash = "sha256:1f87cc004ac5120466f36c5beae48b4c48cc411968eed0eaecd3da82aa96193f"},
]

[[package]]
name = "zope-interface"
version = "6.0"
description = "Interfaces for Python"
category = "main"
optional = false
python-versions = ">=3.7"
files = [
    {file = "zope.interface-6.0-cp310-cp310-macosx_10_9_x86_64.whl", hash = "sha256:f299c020c6679cb389814a3b81200fe55d428012c5e76da7e722491f5d205990"},
    {file = "zope.interface-6.0-cp310-cp310-macosx_11_0_arm64.whl", hash = "sha256:ee4b43f35f5dc15e1fec55ccb53c130adb1d11e8ad8263d68b1284b66a04190d"},
    {file = "zope.interface-6.0-cp310-cp310-manylinux_2_17_aarch64.manylinux2014_aarch64.whl", hash = "sha256:5a158846d0fca0a908c1afb281ddba88744d403f2550dc34405c3691769cdd85"},
    {file = "zope.interface-6.0-cp310-cp310-manylinux_2_5_i686.manylinux1_i686.manylinux_2_17_i686.manylinux2014_i686.whl", hash = "sha256:f72f23bab1848edb7472309e9898603141644faec9fd57a823ea6b4d1c4c8995"},
    {file = "zope.interface-6.0-cp310-cp310-manylinux_2_5_x86_64.manylinux1_x86_64.manylinux_2_17_x86_64.manylinux2014_x86_64.whl", hash = "sha256:48f4d38cf4b462e75fac78b6f11ad47b06b1c568eb59896db5b6ec1094eb467f"},
    {file = "zope.interface-6.0-cp310-cp310-win_amd64.whl", hash = "sha256:87b690bbee9876163210fd3f500ee59f5803e4a6607d1b1238833b8885ebd410"},
    {file = "zope.interface-6.0-cp311-cp311-macosx_10_9_x86_64.whl", hash = "sha256:f2363e5fd81afb650085c6686f2ee3706975c54f331b426800b53531191fdf28"},
    {file = "zope.interface-6.0-cp311-cp311-macosx_11_0_arm64.whl", hash = "sha256:af169ba897692e9cd984a81cb0f02e46dacdc07d6cf9fd5c91e81f8efaf93d52"},
    {file = "zope.interface-6.0-cp311-cp311-manylinux_2_17_aarch64.manylinux2014_aarch64.whl", hash = "sha256:fa90bac61c9dc3e1a563e5babb3fd2c0c1c80567e815442ddbe561eadc803b30"},
    {file = "zope.interface-6.0-cp311-cp311-manylinux_2_5_i686.manylinux1_i686.manylinux_2_17_i686.manylinux2014_i686.whl", hash = "sha256:89086c9d3490a0f265a3c4b794037a84541ff5ffa28bb9c24cc9f66566968464"},
    {file = "zope.interface-6.0-cp311-cp311-manylinux_2_5_x86_64.manylinux1_x86_64.manylinux_2_17_x86_64.manylinux2014_x86_64.whl", hash = "sha256:809fe3bf1a91393abc7e92d607976bbb8586512913a79f2bf7d7ec15bd8ea518"},
    {file = "zope.interface-6.0-cp311-cp311-win_amd64.whl", hash = "sha256:0ec9653825f837fbddc4e4b603d90269b501486c11800d7c761eee7ce46d1bbb"},
    {file = "zope.interface-6.0-cp37-cp37m-macosx_10_15_x86_64.whl", hash = "sha256:790c1d9d8f9c92819c31ea660cd43c3d5451df1df61e2e814a6f99cebb292788"},
    {file = "zope.interface-6.0-cp37-cp37m-manylinux_2_17_aarch64.manylinux2014_aarch64.whl", hash = "sha256:b39b8711578dcfd45fc0140993403b8a81e879ec25d53189f3faa1f006087dca"},
    {file = "zope.interface-6.0-cp37-cp37m-manylinux_2_5_i686.manylinux1_i686.manylinux_2_17_i686.manylinux2014_i686.whl", hash = "sha256:eba51599370c87088d8882ab74f637de0c4f04a6d08a312dce49368ba9ed5c2a"},
    {file = "zope.interface-6.0-cp37-cp37m-manylinux_2_5_x86_64.manylinux1_x86_64.manylinux_2_17_x86_64.manylinux2014_x86_64.whl", hash = "sha256:6ee934f023f875ec2cfd2b05a937bd817efcc6c4c3f55c5778cbf78e58362ddc"},
    {file = "zope.interface-6.0-cp37-cp37m-win_amd64.whl", hash = "sha256:042f2381118b093714081fd82c98e3b189b68db38ee7d35b63c327c470ef8373"},
    {file = "zope.interface-6.0-cp38-cp38-macosx_10_9_x86_64.whl", hash = "sha256:dfbbbf0809a3606046a41f8561c3eada9db811be94138f42d9135a5c47e75f6f"},
    {file = "zope.interface-6.0-cp38-cp38-macosx_11_0_arm64.whl", hash = "sha256:424d23b97fa1542d7be882eae0c0fc3d6827784105264a8169a26ce16db260d8"},
    {file = "zope.interface-6.0-cp38-cp38-manylinux_2_17_aarch64.manylinux2014_aarch64.whl", hash = "sha256:e538f2d4a6ffb6edfb303ce70ae7e88629ac6e5581870e66c306d9ad7b564a58"},
    {file = "zope.interface-6.0-cp38-cp38-manylinux_2_5_i686.manylinux1_i686.manylinux_2_17_i686.manylinux2014_i686.whl", hash = "sha256:12175ca6b4db7621aedd7c30aa7cfa0a2d65ea3a0105393e05482d7a2d367446"},
    {file = "zope.interface-6.0-cp38-cp38-manylinux_2_5_x86_64.manylinux1_x86_64.manylinux_2_17_x86_64.manylinux2014_x86_64.whl", hash = "sha256:4c3d7dfd897a588ec27e391edbe3dd320a03684457470415870254e714126b1f"},
    {file = "zope.interface-6.0-cp38-cp38-win_amd64.whl", hash = "sha256:b3f543ae9d3408549a9900720f18c0194ac0fe810cecda2a584fd4dca2eb3bb8"},
    {file = "zope.interface-6.0-cp39-cp39-macosx_10_9_x86_64.whl", hash = "sha256:d0583b75f2e70ec93f100931660328965bb9ff65ae54695fb3fa0a1255daa6f2"},
    {file = "zope.interface-6.0-cp39-cp39-macosx_11_0_arm64.whl", hash = "sha256:23ac41d52fd15dd8be77e3257bc51bbb82469cf7f5e9a30b75e903e21439d16c"},
    {file = "zope.interface-6.0-cp39-cp39-manylinux_2_17_aarch64.manylinux2014_aarch64.whl", hash = "sha256:99856d6c98a326abbcc2363827e16bd6044f70f2ef42f453c0bd5440c4ce24e5"},
    {file = "zope.interface-6.0-cp39-cp39-manylinux_2_5_i686.manylinux1_i686.manylinux_2_17_i686.manylinux2014_i686.whl", hash = "sha256:1592f68ae11e557b9ff2bc96ac8fc30b187e77c45a3c9cd876e3368c53dc5ba8"},
    {file = "zope.interface-6.0-cp39-cp39-manylinux_2_5_x86_64.manylinux1_x86_64.manylinux_2_17_x86_64.manylinux2014_x86_64.whl", hash = "sha256:4407b1435572e3e1610797c9203ad2753666c62883b921318c5403fb7139dec2"},
    {file = "zope.interface-6.0-cp39-cp39-win_amd64.whl", hash = "sha256:5171eb073474a5038321409a630904fd61f12dd1856dd7e9d19cd6fe092cbbc5"},
    {file = "zope.interface-6.0.tar.gz", hash = "sha256:aab584725afd10c710b8f1e6e208dbee2d0ad009f57d674cb9d1b3964037275d"},
]

[package.dependencies]
setuptools = "*"

[package.extras]
docs = ["Sphinx", "repoze.sphinx.autointerface"]
test = ["coverage (>=5.0.3)", "zope.event", "zope.testing"]
testing = ["coverage (>=5.0.3)", "zope.event", "zope.testing"]

[metadata]
lock-version = "2.0"
python-versions = "^3.9"
content-hash = "2daf3e0e3d09df49876f04c63fe041d55370162dc7ea76fa5fa085e1deb417f4"
